
Microsoft Visual Studio Solution File, Format Version 12.00
# Visual Studio Version 16
VisualStudioVersion = 16.0.31205.134
MinimumVisualStudioVersion = 10.0.40219.1
Project("{FAE04EC0-301F-11D3-BF4B-00C04F79EFBC}") = "Lambda_Expression", "Lambda_Expression\Lambda_Expression.csproj", "{E84FCD7F-B3C1-42BA-B097-429E492260FB}"
EndProject
Global
	GlobalSection(SolutionConfigurationPlatforms) = preSolution
		Debug|Any CPU = Debug|Any CPU
		Release|Any CPU = Release|Any CPU
	EndGlobalSection
	GlobalSection(ProjectConfigurationPlatforms) = postSolution
		{E84FCD7F-B3C1-42BA-B097-429E492260FB}.Debug|Any CPU.ActiveCfg = Debug|Any CPU
		{E84FCD7F-B3C1-42BA-B097-429E492260FB}.Debug|Any CPU.Build.0 = Debug|Any CPU
		{E84FCD7F-B3C1-42BA-B097-429E492260FB}.Release|Any CPU.ActiveCfg = Release|Any CPU
		{E84FCD7F-B3C1-42BA-B097-429E492260FB}.Release|Any CPU.Build.0 = Release|Any CPU
	EndGlobalSection
	GlobalSection(SolutionProperties) = preSolution
		HideSolutionNode = FALSE
	EndGlobalSection
	GlobalSection(ExtensibilityGlobals) = postSolution
		SolutionGuid = {8CEACF09-1FF1-4B05-B411-08EC528A2268}
	EndGlobalSection
EndGlobal
